
Microsoft Visual Studio Solution File, Format Version 12.00
# Visual Studio Version 18
VisualStudioVersion = 18.1.11304.174 d18.0
MinimumVisualStudioVersion = 10.0.40219.1
Project("{9A19103F-16F7-4668-BE54-9A1E7A4F7556}") = "DelegationStation", "DelegationStation\DelegationStation.csproj", "{A0EFFE9F-E89F-42C8-886F-1EBF5C8DA6B0}"
EndProject
Project("{9A19103F-16F7-4668-BE54-9A1E7A4F7556}") = "IntuneEnrollment", "IntuneEnrollment\IntuneEnrollment.csproj", "{AF970A00-F7E4-43B7-B542-A9BC3E280D56}"
EndProject
Project("{9A19103F-16F7-4668-BE54-9A1E7A4F7556}") = "DelegationStationTests", "DelegationStationTests\DelegationStationTests.csproj", "{86E2271F-95E8-4485-9F42-72C399914025}"
EndProject
Project("{9A19103F-16F7-4668-BE54-9A1E7A4F7556}") = "DelegationSharedLibrary", "DelegationSharedLibrary\DelegationSharedLibrary.csproj", "{E400A002-298F-4EBF-BD81-E5BB38068188}"
EndProject
Project("{2150E333-8FDC-42A3-9474-1A3956D46DE8}") = "Solution Items", "Solution Items", "{19234540-DE93-460B-9830-53BAEE8A9EFA}"
	ProjectSection(SolutionItems) = preProject
		README.md = README.md
	EndProjectSection
EndProject
Project("{2150E333-8FDC-42A3-9474-1A3956D46DE8}") = "images", "images", "{8D805F96-F4EB-439E-B5AA-2324C2FEA2B0}"
EndProject
Project("{9A19103F-16F7-4668-BE54-9A1E7A4F7556}") = "UpdateDevices", "UpdateDevices\UpdateDevices.csproj", "{BDA7FA64-263B-441C-BBDF-5E29BED8F738}"
EndProject
Project("{FAE04EC0-301F-11D3-BF4B-00C04F79EFBC}") = "CorporateIdentifierSync", "CorporateIdentifierSync\CorporateIdentifierSync.csproj", "{C9FA6AB0-FC33-4E53-B207-F89C2CCD70BF}"
EndProject
Project("{FAE04EC0-301F-11D3-BF4B-00C04F79EFBC}") = "UpdatePreferredHostnames", "UpdatePreferredHostnames\UpdatePreferredHostnames.csproj", "{937DE50A-AA46-4832-8A03-09463D907316}"
EndProject
Project("{FAE04EC0-301F-11D3-BF4B-00C04F79EFBC}") = "SyncDeviceNames", "SyncDeviceNames\SyncDeviceNames.csproj", "{42E820D3-B2AA-4D49-B6B1-38D0FB10B222}"
EndProject
Global
	GlobalSection(SolutionConfigurationPlatforms) = preSolution
		Debug|Any CPU = Debug|Any CPU
		Debug|x64 = Debug|x64
		Debug|x86 = Debug|x86
		Release|Any CPU = Release|Any CPU
		Release|x64 = Release|x64
		Release|x86 = Release|x86
	EndGlobalSection
	GlobalSection(ProjectConfigurationPlatforms) = postSolution
		{A0EFFE9F-E89F-42C8-886F-1EBF5C8DA6B0}.Debug|Any CPU.ActiveCfg = Debug|Any CPU
		{A0EFFE9F-E89F-42C8-886F-1EBF5C8DA6B0}.Debug|Any CPU.Build.0 = Debug|Any CPU
		{A0EFFE9F-E89F-42C8-886F-1EBF5C8DA6B0}.Debug|x64.ActiveCfg = Debug|Any CPU
		{A0EFFE9F-E89F-42C8-886F-1EBF5C8DA6B0}.Debug|x64.Build.0 = Debug|Any CPU
		{A0EFFE9F-E89F-42C8-886F-1EBF5C8DA6B0}.Debug|x86.ActiveCfg = Debug|Any CPU
		{A0EFFE9F-E89F-42C8-886F-1EBF5C8DA6B0}.Debug|x86.Build.0 = Debug|Any CPU
		{A0EFFE9F-E89F-42C8-886F-1EBF5C8DA6B0}.Release|Any CPU.ActiveCfg = Release|Any CPU
		{A0EFFE9F-E89F-42C8-886F-1EBF5C8DA6B0}.Release|Any CPU.Build.0 = Release|Any CPU
		{A0EFFE9F-E89F-42C8-886F-1EBF5C8DA6B0}.Release|x64.ActiveCfg = Release|Any CPU
		{A0EFFE9F-E89F-42C8-886F-1EBF5C8DA6B0}.Release|x64.Build.0 = Release|Any CPU
		{A0EFFE9F-E89F-42C8-886F-1EBF5C8DA6B0}.Release|x86.ActiveCfg = Release|Any CPU
		{A0EFFE9F-E89F-42C8-886F-1EBF5C8DA6B0}.Release|x86.Build.0 = Release|Any CPU
		{AF970A00-F7E4-43B7-B542-A9BC3E280D56}.Debug|Any CPU.ActiveCfg = Debug|Any CPU
		{AF970A00-F7E4-43B7-B542-A9BC3E280D56}.Debug|Any CPU.Build.0 = Debug|Any CPU
		{AF970A00-F7E4-43B7-B542-A9BC3E280D56}.Debug|x64.ActiveCfg = Debug|Any CPU
		{AF970A00-F7E4-43B7-B542-A9BC3E280D56}.Debug|x64.Build.0 = Debug|Any CPU
		{AF970A00-F7E4-43B7-B542-A9BC3E280D56}.Debug|x86.ActiveCfg = Debug|Any CPU
		{AF970A00-F7E4-43B7-B542-A9BC3E280D56}.Debug|x86.Build.0 = Debug|Any CPU
		{AF970A00-F7E4-43B7-B542-A9BC3E280D56}.Release|Any CPU.ActiveCfg = Release|Any CPU
		{AF970A00-F7E4-43B7-B542-A9BC3E280D56}.Release|Any CPU.Build.0 = Release|Any CPU
		{AF970A00-F7E4-43B7-B542-A9BC3E280D56}.Release|x64.ActiveCfg = Release|Any CPU
		{AF970A00-F7E4-43B7-B542-A9BC3E280D56}.Release|x64.Build.0 = Release|Any CPU
		{AF970A00-F7E4-43B7-B542-A9BC3E280D56}.Release|x86.ActiveCfg = Release|Any CPU
		{AF970A00-F7E4-43B7-B542-A9BC3E280D56}.Release|x86.Build.0 = Release|Any CPU
		{86E2271F-95E8-4485-9F42-72C399914025}.Debug|Any CPU.ActiveCfg = Debug|Any CPU
		{86E2271F-95E8-4485-9F42-72C399914025}.Debug|Any CPU.Build.0 = Debug|Any CPU
		{86E2271F-95E8-4485-9F42-72C399914025}.Debug|x64.ActiveCfg = Debug|Any CPU
		{86E2271F-95E8-4485-9F42-72C399914025}.Debug|x64.Build.0 = Debug|Any CPU
		{86E2271F-95E8-4485-9F42-72C399914025}.Debug|x86.ActiveCfg = Debug|Any CPU
		{86E2271F-95E8-4485-9F42-72C399914025}.Debug|x86.Build.0 = Debug|Any CPU
		{86E2271F-95E8-4485-9F42-72C399914025}.Release|Any CPU.ActiveCfg = Release|Any CPU
		{86E2271F-95E8-4485-9F42-72C399914025}.Release|Any CPU.Build.0 = Release|Any CPU
		{86E2271F-95E8-4485-9F42-72C399914025}.Release|x64.ActiveCfg = Release|Any CPU
		{86E2271F-95E8-4485-9F42-72C399914025}.Release|x64.Build.0 = Release|Any CPU
		{86E2271F-95E8-4485-9F42-72C399914025}.Release|x86.ActiveCfg = Release|Any CPU
		{86E2271F-95E8-4485-9F42-72C399914025}.Release|x86.Build.0 = Release|Any CPU
		{E400A002-298F-4EBF-BD81-E5BB38068188}.Debug|Any CPU.ActiveCfg = Debug|Any CPU
		{E400A002-298F-4EBF-BD81-E5BB38068188}.Debug|Any CPU.Build.0 = Debug|Any CPU
		{E400A002-298F-4EBF-BD81-E5BB38068188}.Debug|x64.ActiveCfg = Debug|Any CPU
		{E400A002-298F-4EBF-BD81-E5BB38068188}.Debug|x64.Build.0 = Debug|Any CPU
		{E400A002-298F-4EBF-BD81-E5BB38068188}.Debug|x86.ActiveCfg = Debug|Any CPU
		{E400A002-298F-4EBF-BD81-E5BB38068188}.Debug|x86.Build.0 = Debug|Any CPU
		{E400A002-298F-4EBF-BD81-E5BB38068188}.Release|Any CPU.ActiveCfg = Release|Any CPU
		{E400A002-298F-4EBF-BD81-E5BB38068188}.Release|Any CPU.Build.0 = Release|Any CPU
		{E400A002-298F-4EBF-BD81-E5BB38068188}.Release|x64.ActiveCfg = Release|Any CPU
		{E400A002-298F-4EBF-BD81-E5BB38068188}.Release|x64.Build.0 = Release|Any CPU
		{E400A002-298F-4EBF-BD81-E5BB38068188}.Release|x86.ActiveCfg = Release|Any CPU
		{E400A002-298F-4EBF-BD81-E5BB38068188}.Release|x86.Build.0 = Release|Any CPU
		{BDA7FA64-263B-441C-BBDF-5E29BED8F738}.Debug|Any CPU.ActiveCfg = Debug|Any CPU
		{BDA7FA64-263B-441C-BBDF-5E29BED8F738}.Debug|Any CPU.Build.0 = Debug|Any CPU
		{BDA7FA64-263B-441C-BBDF-5E29BED8F738}.Debug|x64.ActiveCfg = Debug|Any CPU
		{BDA7FA64-263B-441C-BBDF-5E29BED8F738}.Debug|x64.Build.0 = Debug|Any CPU
		{BDA7FA64-263B-441C-BBDF-5E29BED8F738}.Debug|x86.ActiveCfg = Debug|Any CPU
		{BDA7FA64-263B-441C-BBDF-5E29BED8F738}.Debug|x86.Build.0 = Debug|Any CPU
		{BDA7FA64-263B-441C-BBDF-5E29BED8F738}.Release|Any CPU.ActiveCfg = Release|Any CPU
		{BDA7FA64-263B-441C-BBDF-5E29BED8F738}.Release|Any CPU.Build.0 = Release|Any CPU
		{BDA7FA64-263B-441C-BBDF-5E29BED8F738}.Release|x64.ActiveCfg = Release|Any CPU
		{BDA7FA64-263B-441C-BBDF-5E29BED8F738}.Release|x64.Build.0 = Release|Any CPU
		{BDA7FA64-263B-441C-BBDF-5E29BED8F738}.Release|x86.ActiveCfg = Release|Any CPU
		{BDA7FA64-263B-441C-BBDF-5E29BED8F738}.Release|x86.Build.0 = Release|Any CPU
		{C9FA6AB0-FC33-4E53-B207-F89C2CCD70BF}.Debug|Any CPU.ActiveCfg = Debug|Any CPU
		{C9FA6AB0-FC33-4E53-B207-F89C2CCD70BF}.Debug|Any CPU.Build.0 = Debug|Any CPU
		{C9FA6AB0-FC33-4E53-B207-F89C2CCD70BF}.Debug|x64.ActiveCfg = Debug|Any CPU
		{C9FA6AB0-FC33-4E53-B207-F89C2CCD70BF}.Debug|x64.Build.0 = Debug|Any CPU
		{C9FA6AB0-FC33-4E53-B207-F89C2CCD70BF}.Debug|x86.ActiveCfg = Debug|Any CPU
		{C9FA6AB0-FC33-4E53-B207-F89C2CCD70BF}.Debug|x86.Build.0 = Debug|Any CPU
		{C9FA6AB0-FC33-4E53-B207-F89C2CCD70BF}.Release|Any CPU.ActiveCfg = Release|Any CPU
		{C9FA6AB0-FC33-4E53-B207-F89C2CCD70BF}.Release|Any CPU.Build.0 = Release|Any CPU
		{C9FA6AB0-FC33-4E53-B207-F89C2CCD70BF}.Release|x64.ActiveCfg = Release|Any CPU
		{C9FA6AB0-FC33-4E53-B207-F89C2CCD70BF}.Release|x64.Build.0 = Release|Any CPU
		{C9FA6AB0-FC33-4E53-B207-F89C2CCD70BF}.Release|x86.ActiveCfg = Release|Any CPU
		{C9FA6AB0-FC33-4E53-B207-F89C2CCD70BF}.Release|x86.Build.0 = Release|Any CPU
		{937DE50A-AA46-4832-8A03-09463D907316}.Debug|Any CPU.ActiveCfg = Debug|Any CPU
		{937DE50A-AA46-4832-8A03-09463D907316}.Debug|Any CPU.Build.0 = Debug|Any CPU
		{937DE50A-AA46-4832-8A03-09463D907316}.Debug|x64.ActiveCfg = Debug|Any CPU
		{937DE50A-AA46-4832-8A03-09463D907316}.Debug|x64.Build.0 = Debug|Any CPU
		{937DE50A-AA46-4832-8A03-09463D907316}.Debug|x86.ActiveCfg = Debug|Any CPU
		{937DE50A-AA46-4832-8A03-09463D907316}.Debug|x86.Build.0 = Debug|Any CPU
		{937DE50A-AA46-4832-8A03-09463D907316}.Release|Any CPU.ActiveCfg = Release|Any CPU
		{937DE50A-AA46-4832-8A03-09463D907316}.Release|Any CPU.Build.0 = Release|Any CPU
		{937DE50A-AA46-4832-8A03-09463D907316}.Release|x64.ActiveCfg = Release|Any CPU
		{937DE50A-AA46-4832-8A03-09463D907316}.Release|x64.Build.0 = Release|Any CPU
		{937DE50A-AA46-4832-8A03-09463D907316}.Release|x86.ActiveCfg = Release|Any CPU
		{937DE50A-AA46-4832-8A03-09463D907316}.Release|x86.Build.0 = Release|Any CPU
		{42E820D3-B2AA-4D49-B6B1-38D0FB10B222}.Debug|Any CPU.ActiveCfg = Debug|Any CPU
		{42E820D3-B2AA-4D49-B6B1-38D0FB10B222}.Debug|Any CPU.Build.0 = Debug|Any CPU
		{42E820D3-B2AA-4D49-B6B1-38D0FB10B222}.Debug|x64.ActiveCfg = Debug|Any CPU
		{42E820D3-B2AA-4D49-B6B1-38D0FB10B222}.Debug|x64.Build.0 = Debug|Any CPU
		{42E820D3-B2AA-4D49-B6B1-38D0FB10B222}.Debug|x86.ActiveCfg = Debug|Any CPU
		{42E820D3-B2AA-4D49-B6B1-38D0FB10B222}.Debug|x86.Build.0 = Debug|Any CPU
		{42E820D3-B2AA-4D49-B6B1-38D0FB10B222}.Release|Any CPU.ActiveCfg = Release|Any CPU
		{42E820D3-B2AA-4D49-B6B1-38D0FB10B222}.Release|Any CPU.Build.0 = Release|Any CPU
		{42E820D3-B2AA-4D49-B6B1-38D0FB10B222}.Release|x64.ActiveCfg = Release|Any CPU
		{42E820D3-B2AA-4D49-B6B1-38D0FB10B222}.Release|x64.Build.0 = Release|Any CPU
		{42E820D3-B2AA-4D49-B6B1-38D0FB10B222}.Release|x86.ActiveCfg = Release|Any CPU
		{42E820D3-B2AA-4D49-B6B1-38D0FB10B222}.Release|x86.Build.0 = Release|Any CPU
	EndGlobalSection
	GlobalSection(SolutionProperties) = preSolution
		HideSolutionNode = FALSE
	EndGlobalSection
	GlobalSection(NestedProjects) = preSolution
		{8D805F96-F4EB-439E-B5AA-2324C2FEA2B0} = {19234540-DE93-460B-9830-53BAEE8A9EFA}
	EndGlobalSection
	GlobalSection(ExtensibilityGlobals) = postSolution
		SolutionGuid = {C019FB31-4480-4635-A7E0-1690B074BDD8}
	EndGlobalSection
EndGlobal
